<?xml version="1.0" encoding="utf-8"?>
<Project ToolsVersion="4.0" xmlns="http://schemas.microsoft.com/developer/msbuild/2003">
  <ItemGroup>
    <Filter Include="game">
      <UniqueIdentifier>{8272088c-546a-4525-b900-33cea3b5bd39}</UniqueIdentifier>
    </Filter>
    <Filter Include="resources">
      <UniqueIdentifier>{67DA6AB6-F800-4c08-8B7A-83BB121AAD01}</UniqueIdentifier>
      <Extensions>rc;ico;cur;bmp;dlg;rc2;rct;bin;rgs;gif;jpg;jpeg;jpe;resx;tiff;tif;png;wav;mfcribbon-ms</Extensions>
    </Filter>
    <Filter Include="win">
      <UniqueIdentifier>{4FC737F1-C7A5-4376-A066-2A32D752A2FF}</UniqueIdentifier>
      <Extensions>cpp;c;cc;cxx;def;odl;idl;hpj;bat;asm;asmx</Extensions>
    </Filter>
  </ItemGroup>
  <ItemGroup>
    <ClCompile Include="main.cpp">
      <Filter>win</Filter>
    </ClCompile>
    <ClCompile Include="..\..\game\GLRect.cpp">
      <Filter>game</Filter>
    </ClCompile>
    <ClCompile Include="..\..\game\GLUtils.cpp">
      <Filter>game</Filter>
    </ClCompile>
    <ClCompile Include="..\..\themes\glyphaiii\images\torches.c">
      <Filter>resources</Filter>
    </ClCompile>
    <ClCompile Include="..\..\themes\glyphaiii\images\background.c">
      <Filter>resources</Filter>
    </ClCompile>
    <ClCompile Include="..\..\game\GLGame.cpp">
      <Filter>game</Filter>
    </ClCompile>
    <ClCompile Include="..\..\game\GLImage.cpp">
      <Filter>game</Filter>
    </ClCompile>
    <ClCompile Include="..\..\game\GLRenderer.cpp">
      <Filter>game</Filter>
    </ClCompile>
    <ClCompile Include="..\..\game\GLSounds.cpp">
      <Filter>game</Filter>
    </ClCompile>
    <ClCompile Include="..\..\themes\glyphaiii\images\numbers.c">
      <Filter>resources</Filter>
    </ClCompile>
    <ClCompile Include="..\..\themes\glyphaiii\images\platforms.c">
      <Filter>resources</Filter>
    </ClCompile>
    <ClCompile Include="..\..\themes\glyphaiii\images\player.c">
      <Filter>resources</Filter>
    </ClCompile>
    <ClCompile Include="..\..\themes\glyphaiii\images\playerIdle.c">
      <Filter>resources</Filter>
    </ClCompile>
    <ClCompile Include="..\..\themes\glyphaiii\sounds\bird.c">
      <Filter>resources</Filter>
    </ClCompile>
    <ClCompile Include="..\..\themes\glyphaiii\sounds\flap.c">
      <Filter>resources</Filter>
    </ClCompile>
    <ClCompile Include="..\..\themes\glyphaiii\sounds\grate.c">
      <Filter>resources</Filter>
    </ClCompile>
    <ClCompile Include="..\..\themes\glyphaiii\sounds\screech.c">
      <Filter>resources</Filter>
    </ClCompile>
    <ClCompile Include="..\..\themes\glyphaiii\sounds\walk.c">
      <Filter>resources</Filter>
    </ClCompile>
  </ItemGroup>
  <ItemGroup>
    <ClInclude Include="..\..\game\GLPoint.h">
      <Filter>game</Filter>
    </ClInclude>
    <ClInclude Include="..\..\game\GLRect.h">
      <Filter>game</Filter>
    </ClInclude>
    <ClInclude Include="..\..\game\GLUtils.h">
      <Filter>game</Filter>
    </ClInclude>
    <ClInclude Include="..\..\game\GLResources.h">
      <Filter>game</Filter>
    </ClInclude>
    <ClInclude Include="..\..\game\GLGame.h">
      <Filter>game</Filter>
    </ClInclude>
    <ClInclude Include="..\..\game\GLImage.h">
      <Filter>game</Filter>
    </ClInclude>
    <ClInclude Include="..\..\game\GLRenderer.h">
      <Filter>game</Filter>
    </ClInclude>
    <ClInclude Include="..\..\game\GLSounds.h">
      <Filter>game</Filter>
    </ClInclude>
    <ClInclude Include="..\resources.h">
      <Filter>win</Filter>
    </ClInclude>
  </ItemGroup>
  <ItemGroup>
    <ResourceCompile Include="..\resources.rc">
      <Filter>win</Filter>
    </ResourceCompile>
  </ItemGroup>
</Project>